// !$*UTF8*$!
{
	archiveVersion = 1;
	classes = {
	};
	objectVersion = 56;
	objects = {

/* Begin PBXBuildFile section */
		201DC3B9293CB9F800BA0531 /* MarketDataModel.swift in Sources */ = {isa = PBXBuildFile; fileRef = 201DC3B8293CB9F800BA0531 /* MarketDataModel.swift */; };
		201DC3BB293CC15800BA0531 /* MarketDataService.swift in Sources */ = {isa = PBXBuildFile; fileRef = 201DC3BA293CC15800BA0531 /* MarketDataService.swift */; };
		201F11B7294A7CCE009893C1 /* CoinDetailModel.swift in Sources */ = {isa = PBXBuildFile; fileRef = 201F11B6294A7CCE009893C1 /* CoinDetailModel.swift */; };
		201F11B9294A7FFB009893C1 /* DetailViewModel.swift in Sources */ = {isa = PBXBuildFile; fileRef = 201F11B8294A7FFB009893C1 /* DetailViewModel.swift */; };
		201F11BB294A8026009893C1 /* CoinDetailDataService.swift in Sources */ = {isa = PBXBuildFile; fileRef = 201F11BA294A8026009893C1 /* CoinDetailDataService.swift */; };
		20269551292E81FE0014BEBC /* CoinModel.swift in Sources */ = {isa = PBXBuildFile; fileRef = 20269550292E81FE0014BEBC /* CoinModel.swift */; };
		20269553292E9FB00014BEBC /* CoinRowView.swift in Sources */ = {isa = PBXBuildFile; fileRef = 20269552292E9FB00014BEBC /* CoinRowView.swift */; };
		20269555292EA4220014BEBC /* Double.swift in Sources */ = {isa = PBXBuildFile; fileRef = 20269554292EA4220014BEBC /* Double.swift */; };
		202A03452944A0DA00E0F4BA /* PortfolioContainer.xcdatamodeld in Sources */ = {isa = PBXBuildFile; fileRef = 202A03432944A0DA00E0F4BA /* PortfolioContainer.xcdatamodeld */; };
		202A03472944A16C00E0F4BA /* PortfolioDataService.swift in Sources */ = {isa = PBXBuildFile; fileRef = 202A03462944A16C00E0F4BA /* PortfolioDataService.swift */; };
		203A206E292F8E3800CB405D /* HomeViewModel.swift in Sources */ = {isa = PBXBuildFile; fileRef = 203A206D292F8E3800CB405D /* HomeViewModel.swift */; };
		203D1E45297C0FEB0040E8E6 /* ChartView.swift in Sources */ = {isa = PBXBuildFile; fileRef = 203D1E44297C0FEB0040E8E6 /* ChartView.swift */; };
		203D1E49297C1C910040E8E6 /* Date.swift in Sources */ = {isa = PBXBuildFile; fileRef = 203D1E48297C1C910040E8E6 /* Date.swift */; };
		206D13E82930E2DF009BB0DB /* CoinDataService.swift in Sources */ = {isa = PBXBuildFile; fileRef = 206D13E72930E2DF009BB0DB /* CoinDataService.swift */; };
		20762D39293B72280052F115 /* StatisticModel.swift in Sources */ = {isa = PBXBuildFile; fileRef = 20762D38293B72280052F115 /* StatisticModel.swift */; };
		20762D3B293B73A60052F115 /* StatisticView.swift in Sources */ = {isa = PBXBuildFile; fileRef = 20762D3A293B73A60052F115 /* StatisticView.swift */; };
		20762D3D293B79580052F115 /* HomeStatisticsView.swift in Sources */ = {isa = PBXBuildFile; fileRef = 20762D3C293B79580052F115 /* HomeStatisticsView.swift */; };
		207E9F57292D7952002C1DB0 /* CryptoTrackerApp.swift in Sources */ = {isa = PBXBuildFile; fileRef = 207E9F56292D7952002C1DB0 /* CryptoTrackerApp.swift */; };
		207E9F59292D7952002C1DB0 /* ContentView.swift in Sources */ = {isa = PBXBuildFile; fileRef = 207E9F58292D7952002C1DB0 /* ContentView.swift */; };
		207E9F5E292D7952002C1DB0 /* Preview Assets.xcassets in Resources */ = {isa = PBXBuildFile; fileRef = 207E9F5D292D7952002C1DB0 /* Preview Assets.xcassets */; };
		207E9F68292D7AFB002C1DB0 /* Color.swift in Sources */ = {isa = PBXBuildFile; fileRef = 207E9F67292D7AFB002C1DB0 /* Color.swift */; };
		207E9F6E292D7D5D002C1DB0 /* HomeView.swift in Sources */ = {isa = PBXBuildFile; fileRef = 207E9F6D292D7D5D002C1DB0 /* HomeView.swift */; };
		207E9F72292D7EA4002C1DB0 /* CircleButtonView.swift in Sources */ = {isa = PBXBuildFile; fileRef = 207E9F71292D7EA4002C1DB0 /* CircleButtonView.swift */; };
		207E9F74292D82D0002C1DB0 /* CircleButtonAnimationView.swift in Sources */ = {isa = PBXBuildFile; fileRef = 207E9F73292D82D0002C1DB0 /* CircleButtonAnimationView.swift */; };
		20856372293FEB3100035B3A /* PortfolioView.swift in Sources */ = {isa = PBXBuildFile; fileRef = 20856371293FEB3100035B3A /* PortfolioView.swift */; };
		20856374293FF01700035B3A /* XMarkButton.swift in Sources */ = {isa = PBXBuildFile; fileRef = 20856373293FF01700035B3A /* XMarkButton.swift */; };
		20856376293FF4DA00035B3A /* CoinLogoView.swift in Sources */ = {isa = PBXBuildFile; fileRef = 20856375293FF4DA00035B3A /* CoinLogoView.swift */; };
		20C93061292FB32E00FF9BCD /* Assets.xcassets in Resources */ = {isa = PBXBuildFile; fileRef = 20C93060292FB32E00FF9BCD /* Assets.xcassets */; };
		20F3B2AB2938083000A78338 /* SearchBarView.swift in Sources */ = {isa = PBXBuildFile; fileRef = 20F3B2AA2938083000A78338 /* SearchBarView.swift */; };
		20F3B2AD29380EFB00A78338 /* UIApplication.swift in Sources */ = {isa = PBXBuildFile; fileRef = 20F3B2AC29380EFB00A78338 /* UIApplication.swift */; };
		20F45DAA2936248D00C2804B /* NetworkingManager.swift in Sources */ = {isa = PBXBuildFile; fileRef = 20F45DA92936248D00C2804B /* NetworkingManager.swift */; };
		20F45DAD293665E400C2804B /* CoinImageView.swift in Sources */ = {isa = PBXBuildFile; fileRef = 20F45DAC293665E400C2804B /* CoinImageView.swift */; };
		20F45DAF2936677000C2804B /* CoinImageService.swift in Sources */ = {isa = PBXBuildFile; fileRef = 20F45DAE2936677000C2804B /* CoinImageService.swift */; };
		20F45DB329366B0B00C2804B /* CoinImageViewModel.swift in Sources */ = {isa = PBXBuildFile; fileRef = 20F45DB229366B0B00C2804B /* CoinImageViewModel.swift */; };
		20F45DB5293678C500C2804B /* LocalFileManager.swift in Sources */ = {isa = PBXBuildFile; fileRef = 20F45DB4293678C500C2804B /* LocalFileManager.swift */; };
		20F4B83629492ABE00A732B6 /* HapticManager.swift in Sources */ = {isa = PBXBuildFile; fileRef = 20F4B83529492ABE00A732B6 /* HapticManager.swift */; };
		20F4B83B2949373800A732B6 /* DetailView.swift in Sources */ = {isa = PBXBuildFile; fileRef = 20F4B83A2949373800A732B6 /* DetailView.swift */; };
/* End PBXBuildFile section */

/* Begin PBXFileReference section */
		201DC3B8293CB9F800BA0531 /* MarketDataModel.swift */ = {isa = PBXFileReference; lastKnownFileType = sourcecode.swift; path = MarketDataModel.swift; sourceTree = "<group>"; };
		201DC3BA293CC15800BA0531 /* MarketDataService.swift */ = {isa = PBXFileReference; lastKnownFileType = sourcecode.swift; path = MarketDataService.swift; sourceTree = "<group>"; };
		201F11B6294A7CCE009893C1 /* CoinDetailModel.swift */ = {isa = PBXFileReference; lastKnownFileType = sourcecode.swift; path = CoinDetailModel.swift; sourceTree = "<group>"; };
		201F11B8294A7FFB009893C1 /* DetailViewModel.swift */ = {isa = PBXFileReference; lastKnownFileType = sourcecode.swift; path = DetailViewModel.swift; sourceTree = "<group>"; };
		201F11BA294A8026009893C1 /* CoinDetailDataService.swift */ = {isa = PBXFileReference; lastKnownFileType = sourcecode.swift; path = CoinDetailDataService.swift; sourceTree = "<group>"; };
		20269550292E81FE0014BEBC /* CoinModel.swift */ = {isa = PBXFileReference; lastKnownFileType = sourcecode.swift; path = CoinModel.swift; sourceTree = "<group>"; };
		20269552292E9FB00014BEBC /* CoinRowView.swift */ = {isa = PBXFileReference; lastKnownFileType = sourcecode.swift; path = CoinRowView.swift; sourceTree = "<group>"; };
		20269554292EA4220014BEBC /* Double.swift */ = {isa = PBXFileReference; lastKnownFileType = sourcecode.swift; path = Double.swift; sourceTree = "<group>"; };
		202A03442944A0DA00E0F4BA /* PortfolioContainer.xcdatamodel */ = {isa = PBXFileReference; lastKnownFileType = wrapper.xcdatamodel; path = PortfolioContainer.xcdatamodel; sourceTree = "<group>"; };
		202A03462944A16C00E0F4BA /* PortfolioDataService.swift */ = {isa = PBXFileReference; lastKnownFileType = sourcecode.swift; path = PortfolioDataService.swift; sourceTree = "<group>"; };
		203A206D292F8E3800CB405D /* HomeViewModel.swift */ = {isa = PBXFileReference; lastKnownFileType = sourcecode.swift; path = HomeViewModel.swift; sourceTree = "<group>"; };
		203D1E44297C0FEB0040E8E6 /* ChartView.swift */ = {isa = PBXFileReference; lastKnownFileType = sourcecode.swift; path = ChartView.swift; sourceTree = "<group>"; };
		203D1E48297C1C910040E8E6 /* Date.swift */ = {isa = PBXFileReference; lastKnownFileType = sourcecode.swift; path = Date.swift; sourceTree = "<group>"; };
		206D13E72930E2DF009BB0DB /* CoinDataService.swift */ = {isa = PBXFileReference; lastKnownFileType = sourcecode.swift; path = CoinDataService.swift; sourceTree = "<group>"; };
		20762D38293B72280052F115 /* StatisticModel.swift */ = {isa = PBXFileReference; lastKnownFileType = sourcecode.swift; path = StatisticModel.swift; sourceTree = "<group>"; };
		20762D3A293B73A60052F115 /* StatisticView.swift */ = {isa = PBXFileReference; lastKnownFileType = sourcecode.swift; path = StatisticView.swift; sourceTree = "<group>"; };
		20762D3C293B79580052F115 /* HomeStatisticsView.swift */ = {isa = PBXFileReference; lastKnownFileType = sourcecode.swift; path = HomeStatisticsView.swift; sourceTree = "<group>"; };
		207E9F53292D7952002C1DB0 /* CryptoTracker.app */ = {isa = PBXFileReference; explicitFileType = wrapper.application; includeInIndex = 0; path = CryptoTracker.app; sourceTree = BUILT_PRODUCTS_DIR; };
		207E9F56292D7952002C1DB0 /* CryptoTrackerApp.swift */ = {isa = PBXFileReference; lastKnownFileType = sourcecode.swift; path = CryptoTrackerApp.swift; sourceTree = "<group>"; };
		207E9F58292D7952002C1DB0 /* ContentView.swift */ = {isa = PBXFileReference; lastKnownFileType = sourcecode.swift; path = ContentView.swift; sourceTree = "<group>"; };
		207E9F5D292D7952002C1DB0 /* Preview Assets.xcassets */ = {isa = PBXFileReference; lastKnownFileType = folder.assetcatalog; path = "Preview Assets.xcassets"; sourceTree = "<group>"; };
		207E9F67292D7AFB002C1DB0 /* Color.swift */ = {isa = PBXFileReference; lastKnownFileType = sourcecode.swift; path = Color.swift; sourceTree = "<group>"; };
		207E9F6D292D7D5D002C1DB0 /* HomeView.swift */ = {isa = PBXFileReference; lastKnownFileType = sourcecode.swift; path = HomeView.swift; sourceTree = "<group>"; };
		207E9F71292D7EA4002C1DB0 /* CircleButtonView.swift */ = {isa = PBXFileReference; lastKnownFileType = sourcecode.swift; path = CircleButtonView.swift; sourceTree = "<group>"; };
		207E9F73292D82D0002C1DB0 /* CircleButtonAnimationView.swift */ = {isa = PBXFileReference; lastKnownFileType = sourcecode.swift; path = CircleButtonAnimationView.swift; sourceTree = "<group>"; };
		20856371293FEB3100035B3A /* PortfolioView.swift */ = {isa = PBXFileReference; lastKnownFileType = sourcecode.swift; path = PortfolioView.swift; sourceTree = "<group>"; };
		20856373293FF01700035B3A /* XMarkButton.swift */ = {isa = PBXFileReference; lastKnownFileType = sourcecode.swift; path = XMarkButton.swift; sourceTree = "<group>"; };
		20856375293FF4DA00035B3A /* CoinLogoView.swift */ = {isa = PBXFileReference; lastKnownFileType = sourcecode.swift; path = CoinLogoView.swift; sourceTree = "<group>"; };
		20C93060292FB32E00FF9BCD /* Assets.xcassets */ = {isa = PBXFileReference; lastKnownFileType = folder.assetcatalog; name = Assets.xcassets; path = Resources/Assets.xcassets; sourceTree = SOURCE_ROOT; };
		20F3B2AA2938083000A78338 /* SearchBarView.swift */ = {isa = PBXFileReference; lastKnownFileType = sourcecode.swift; path = SearchBarView.swift; sourceTree = "<group>"; };
		20F3B2AC29380EFB00A78338 /* UIApplication.swift */ = {isa = PBXFileReference; lastKnownFileType = sourcecode.swift; path = UIApplication.swift; sourceTree = "<group>"; };
		20F45DA92936248D00C2804B /* NetworkingManager.swift */ = {isa = PBXFileReference; lastKnownFileType = sourcecode.swift; path = NetworkingManager.swift; sourceTree = "<group>"; };
		20F45DAC293665E400C2804B /* CoinImageView.swift */ = {isa = PBXFileReference; lastKnownFileType = sourcecode.swift; path = CoinImageView.swift; sourceTree = "<group>"; };
		20F45DAE2936677000C2804B /* CoinImageService.swift */ = {isa = PBXFileReference; lastKnownFileType = sourcecode.swift; path = CoinImageService.swift; sourceTree = "<group>"; };
		20F45DB229366B0B00C2804B /* CoinImageViewModel.swift */ = {isa = PBXFileReference; lastKnownFileType = sourcecode.swift; path = CoinImageViewModel.swift; sourceTree = "<group>"; };
		20F45DB4293678C500C2804B /* LocalFileManager.swift */ = {isa = PBXFileReference; lastKnownFileType = sourcecode.swift; path = LocalFileManager.swift; sourceTree = "<group>"; };
		20F4B83529492ABE00A732B6 /* HapticManager.swift */ = {isa = PBXFileReference; lastKnownFileType = sourcecode.swift; path = HapticManager.swift; sourceTree = "<group>"; };
		20F4B83A2949373800A732B6 /* DetailView.swift */ = {isa = PBXFileReference; lastKnownFileType = sourcecode.swift; path = DetailView.swift; sourceTree = "<group>"; };
/* End PBXFileReference section */

/* Begin PBXFrameworksBuildPhase section */
		207E9F50292D7952002C1DB0 /* Frameworks */ = {
			isa = PBXFrameworksBuildPhase;
			buildActionMask = 2147483647;
			files = (
			);
			runOnlyForDeploymentPostprocessing = 0;
		};
/* End PBXFrameworksBuildPhase section */

/* Begin PBXGroup section */
		2026954F292E81DD0014BEBC /* Models */ = {
			isa = PBXGroup;
			children = (
				20269550292E81FE0014BEBC /* CoinModel.swift */,
				201F11B6294A7CCE009893C1 /* CoinDetailModel.swift */,
				20762D38293B72280052F115 /* StatisticModel.swift */,
				201DC3B8293CB9F800BA0531 /* MarketDataModel.swift */,
				202A03432944A0DA00E0F4BA /* PortfolioContainer.xcdatamodeld */,
			);
			path = Models;
			sourceTree = "<group>";
		};
		206D13E62930E2B8009BB0DB /* Services */ = {
			isa = PBXGroup;
			children = (
				206D13E72930E2DF009BB0DB /* CoinDataService.swift */,
				201F11BA294A8026009893C1 /* CoinDetailDataService.swift */,
				20F45DAE2936677000C2804B /* CoinImageService.swift */,
				201DC3BA293CC15800BA0531 /* MarketDataService.swift */,
				202A03462944A16C00E0F4BA /* PortfolioDataService.swift */,
			);
			path = Services;
			sourceTree = "<group>";
		};
		207E9F4A292D7952002C1DB0 = {
			isa = PBXGroup;
			children = (
				207E9F55292D7952002C1DB0 /* CryptoTracker */,
				207E9F54292D7952002C1DB0 /* Products */,
			);
			sourceTree = "<group>";
		};
		207E9F54292D7952002C1DB0 /* Products */ = {
			isa = PBXGroup;
			children = (
				207E9F53292D7952002C1DB0 /* CryptoTracker.app */,
			);
			name = Products;
			sourceTree = "<group>";
		};
		207E9F55292D7952002C1DB0 /* CryptoTracker */ = {
			isa = PBXGroup;
			children = (
				207E9F56292D7952002C1DB0 /* CryptoTrackerApp.swift */,
				207E9F58292D7952002C1DB0 /* ContentView.swift */,
				207E9F66292D7AEB002C1DB0 /* Extensions */,
				20F45DA82936243600C2804B /* Utilities */,
				206D13E62930E2B8009BB0DB /* Services */,
				2026954F292E81DD0014BEBC /* Models */,
				207E9F69292D7D1B002C1DB0 /* Core */,
				20C93060292FB32E00FF9BCD /* Assets.xcassets */,
				207E9F5C292D7952002C1DB0 /* Preview Content */,
			);
			path = CryptoTracker;
			sourceTree = "<group>";
		};
		207E9F5C292D7952002C1DB0 /* Preview Content */ = {
			isa = PBXGroup;
			children = (
				207E9F5D292D7952002C1DB0 /* Preview Assets.xcassets */,
			);
			path = "Preview Content";
			sourceTree = "<group>";
		};
		207E9F66292D7AEB002C1DB0 /* Extensions */ = {
			isa = PBXGroup;
			children = (
				207E9F67292D7AFB002C1DB0 /* Color.swift */,
				203D1E48297C1C910040E8E6 /* Date.swift */,
				20269554292EA4220014BEBC /* Double.swift */,
				20F3B2AC29380EFB00A78338 /* UIApplication.swift */,
			);
			path = Extensions;
			sourceTree = "<group>";
		};
		207E9F69292D7D1B002C1DB0 /* Core */ = {
			isa = PBXGroup;
			children = (
				207E9F6F292D7E7E002C1DB0 /* Components */,
				207E9F6A292D7D2F002C1DB0 /* Home */,
				20F4B8372949367D00A732B6 /* Detail */,
			);
			path = Core;
			sourceTree = "<group>";
		};
		207E9F6A292D7D2F002C1DB0 /* Home */ = {
			isa = PBXGroup;
			children = (
				207E9F6C292D7D3F002C1DB0 /* ViewModels */,
				207E9F6B292D7D3A002C1DB0 /* Views */,
			);
			path = Home;
			sourceTree = "<group>";
		};
		207E9F6B292D7D3A002C1DB0 /* Views */ = {
			isa = PBXGroup;
			children = (
				207E9F6D292D7D5D002C1DB0 /* HomeView.swift */,
				20269552292E9FB00014BEBC /* CoinRowView.swift */,
				20762D3C293B79580052F115 /* HomeStatisticsView.swift */,
				20856371293FEB3100035B3A /* PortfolioView.swift */,
			);
			path = Views;
			sourceTree = "<group>";
		};
		207E9F6C292D7D3F002C1DB0 /* ViewModels */ = {
			isa = PBXGroup;
			children = (
				203A206D292F8E3800CB405D /* HomeViewModel.swift */,
				201F11B8294A7FFB009893C1 /* DetailViewModel.swift */,
			);
			path = ViewModels;
			sourceTree = "<group>";
		};
		207E9F6F292D7E7E002C1DB0 /* Components */ = {
			isa = PBXGroup;
			children = (
				20F45DAB293665CA00C2804B /* CoinImage */,
				207E9F70292D7E94002C1DB0 /* CircleButton */,
				20F3B2AA2938083000A78338 /* SearchBarView.swift */,
				20762D3A293B73A60052F115 /* StatisticView.swift */,
				20856373293FF01700035B3A /* XMarkButton.swift */,
			);
			path = Components;
			sourceTree = "<group>";
		};
		207E9F70292D7E94002C1DB0 /* CircleButton */ = {
			isa = PBXGroup;
			children = (
				207E9F71292D7EA4002C1DB0 /* CircleButtonView.swift */,
				207E9F73292D82D0002C1DB0 /* CircleButtonAnimationView.swift */,
			);
			path = CircleButton;
			sourceTree = "<group>";
		};
		20F45DA82936243600C2804B /* Utilities */ = {
			isa = PBXGroup;
			children = (
				20F45DA92936248D00C2804B /* NetworkingManager.swift */,
				20F45DB4293678C500C2804B /* LocalFileManager.swift */,
				20F4B83529492ABE00A732B6 /* HapticManager.swift */,
			);
			path = Utilities;
			sourceTree = "<group>";
		};
		20F45DAB293665CA00C2804B /* CoinImage */ = {
			isa = PBXGroup;
			children = (
				20F45DAC293665E400C2804B /* CoinImageView.swift */,
				20F45DB229366B0B00C2804B /* CoinImageViewModel.swift */,
				20856375293FF4DA00035B3A /* CoinLogoView.swift */,
			);
			path = CoinImage;
			sourceTree = "<group>";
		};
		20F4B8372949367D00A732B6 /* Detail */ = {
			isa = PBXGroup;
			children = (
				20F4B8382949372000A732B6 /* ViewModels */,
				20F4B8392949372700A732B6 /* Views */,
			);
			path = Detail;
			sourceTree = "<group>";
		};
		20F4B8382949372000A732B6 /* ViewModels */ = {
			isa = PBXGroup;
			children = (
			);
			path = ViewModels;
			sourceTree = "<group>";
		};
		20F4B8392949372700A732B6 /* Views */ = {
			isa = PBXGroup;
			children = (
				20F4B83A2949373800A732B6 /* DetailView.swift */,
				203D1E44297C0FEB0040E8E6 /* ChartView.swift */,
			);
			path = Views;
			sourceTree = "<group>";
		};
/* End PBXGroup section */

/* Begin PBXNativeTarget section */
		207E9F52292D7952002C1DB0 /* CryptoTracker */ = {
			isa = PBXNativeTarget;
			buildConfigurationList = 207E9F61292D7952002C1DB0 /* Build configuration list for PBXNativeTarget "CryptoTracker" */;
			buildPhases = (
				207E9F4F292D7952002C1DB0 /* Sources */,
				207E9F50292D7952002C1DB0 /* Frameworks */,
				207E9F51292D7952002C1DB0 /* Resources */,
			);
			buildRules = (
			);
			dependencies = (
			);
			name = CryptoTracker;
			productName = CryptoTracker;
			productReference = 207E9F53292D7952002C1DB0 /* CryptoTracker.app */;
			productType = "com.apple.product-type.application";
		};
/* End PBXNativeTarget section */

/* Begin PBXProject section */
		207E9F4B292D7952002C1DB0 /* Project object */ = {
			isa = PBXProject;
			attributes = {
				BuildIndependentTargetsInParallel = 1;
				LastSwiftUpdateCheck = 1410;
				LastUpgradeCheck = 1410;
				TargetAttributes = {
					207E9F52292D7952002C1DB0 = {
						CreatedOnToolsVersion = 14.1;
					};
				};
			};
			buildConfigurationList = 207E9F4E292D7952002C1DB0 /* Build configuration list for PBXProject "CryptoTracker" */;
			compatibilityVersion = "Xcode 14.0";
			developmentRegion = en;
			hasScannedForEncodings = 0;
			knownRegions = (
				en,
				Base,
			);
			mainGroup = 207E9F4A292D7952002C1DB0;
			productRefGroup = 207E9F54292D7952002C1DB0 /* Products */;
			projectDirPath = "";
			projectRoot = "";
			targets = (
				207E9F52292D7952002C1DB0 /* CryptoTracker */,
			);
		};
/* End PBXProject section */

/* Begin PBXResourcesBuildPhase section */
		207E9F51292D7952002C1DB0 /* Resources */ = {
			isa = PBXResourcesBuildPhase;
			buildActionMask = 2147483647;
			files = (
				207E9F5E292D7952002C1DB0 /* Preview Assets.xcassets in Resources */,
				20C93061292FB32E00FF9BCD /* Assets.xcassets in Resources */,
			);
			runOnlyForDeploymentPostprocessing = 0;
		};
/* End PBXResourcesBuildPhase section */

/* Begin PBXSourcesBuildPhase section */
		207E9F4F292D7952002C1DB0 /* Sources */ = {
			isa = PBXSourcesBuildPhase;
			buildActionMask = 2147483647;
			files = (
				20762D39293B72280052F115 /* StatisticModel.swift in Sources */,
				201DC3BB293CC15800BA0531 /* MarketDataService.swift in Sources */,
				20856376293FF4DA00035B3A /* CoinLogoView.swift in Sources */,
				20762D3B293B73A60052F115 /* StatisticView.swift in Sources */,
				20F3B2AD29380EFB00A78338 /* UIApplication.swift in Sources */,
				202A03452944A0DA00E0F4BA /* PortfolioContainer.xcdatamodeld in Sources */,
				20F45DB329366B0B00C2804B /* CoinImageViewModel.swift in Sources */,
				20F45DAD293665E400C2804B /* CoinImageView.swift in Sources */,
				201F11B7294A7CCE009893C1 /* CoinDetailModel.swift in Sources */,
				20269553292E9FB00014BEBC /* CoinRowView.swift in Sources */,
				20856372293FEB3100035B3A /* PortfolioView.swift in Sources */,
				207E9F59292D7952002C1DB0 /* ContentView.swift in Sources */,
				207E9F6E292D7D5D002C1DB0 /* HomeView.swift in Sources */,
				203A206E292F8E3800CB405D /* HomeViewModel.swift in Sources */,
				20F4B83B2949373800A732B6 /* DetailView.swift in Sources */,
				201F11B9294A7FFB009893C1 /* DetailViewModel.swift in Sources */,
				203D1E49297C1C910040E8E6 /* Date.swift in Sources */,
				207E9F57292D7952002C1DB0 /* CryptoTrackerApp.swift in Sources */,
				20F45DB5293678C500C2804B /* LocalFileManager.swift in Sources */,
				207E9F72292D7EA4002C1DB0 /* CircleButtonView.swift in Sources */,
				207E9F68292D7AFB002C1DB0 /* Color.swift in Sources */,
				201DC3B9293CB9F800BA0531 /* MarketDataModel.swift in Sources */,
				202A03472944A16C00E0F4BA /* PortfolioDataService.swift in Sources */,
				207E9F74292D82D0002C1DB0 /* CircleButtonAnimationView.swift in Sources */,
				20269555292EA4220014BEBC /* Double.swift in Sources */,
				20F45DAA2936248D00C2804B /* NetworkingManager.swift in Sources */,
				20269551292E81FE0014BEBC /* CoinModel.swift in Sources */,
				20F45DAF2936677000C2804B /* CoinImageService.swift in Sources */,
				203D1E45297C0FEB0040E8E6 /* ChartView.swift in Sources */,
				20F4B83629492ABE00A732B6 /* HapticManager.swift in Sources */,
				20856374293FF01700035B3A /* XMarkButton.swift in Sources */,
				201F11BB294A8026009893C1 /* CoinDetailDataService.swift in Sources */,
				20762D3D293B79580052F115 /* HomeStatisticsView.swift in Sources */,
				20F3B2AB2938083000A78338 /* SearchBarView.swift in Sources */,
				206D13E82930E2DF009BB0DB /* CoinDataService.swift in Sources */,
			);
			runOnlyForDeploymentPostprocessing = 0;
		};
/* End PBXSourcesBuildPhase section */

/* Begin XCBuildConfiguration section */
		207E9F5F292D7952002C1DB0 /* Debug */ = {
			isa = XCBuildConfiguration;
			buildSettings = {
				ALWAYS_SEARCH_USER_PATHS = NO;
				CLANG_ANALYZER_NONNULL = YES;
				CLANG_ANALYZER_NUMBER_OBJECT_CONVERSION = YES_AGGRESSIVE;
				CLANG_CXX_LANGUAGE_STANDARD = "gnu++20";
				CLANG_ENABLE_MODULES = YES;
				CLANG_ENABLE_OBJC_ARC = YES;
				CLANG_ENABLE_OBJC_WEAK = YES;
				CLANG_WARN_BLOCK_CAPTURE_AUTORELEASING = YES;
				CLANG_WARN_BOOL_CONVERSION = YES;
				CLANG_WARN_COMMA = YES;
				CLANG_WARN_CONSTANT_CONVERSION = YES;
				CLANG_WARN_DEPRECATED_OBJC_IMPLEMENTATIONS = YES;
				CLANG_WARN_DIRECT_OBJC_ISA_USAGE = YES_ERROR;
				CLANG_WARN_DOCUMENTATION_COMMENTS = YES;
				CLANG_WARN_EMPTY_BODY = YES;
				CLANG_WARN_ENUM_CONVERSION = YES;
				CLANG_WARN_INFINITE_RECURSION = YES;
				CLANG_WARN_INT_CONVERSION = YES;
				CLANG_WARN_NON_LITERAL_NULL_CONVERSION = YES;
				CLANG_WARN_OBJC_IMPLICIT_RETAIN_SELF = YES;
				CLANG_WARN_OBJC_LITERAL_CONVERSION = YES;
				CLANG_WARN_OBJC_ROOT_CLASS = YES_ERROR;
				CLANG_WARN_QUOTED_INCLUDE_IN_FRAMEWORK_HEADER = YES;
				CLANG_WARN_RANGE_LOOP_ANALYSIS = YES;
				CLANG_WARN_STRICT_PROTOTYPES = YES;
				CLANG_WARN_SUSPICIOUS_MOVE = YES;
				CLANG_WARN_UNGUARDED_AVAILABILITY = YES_AGGRESSIVE;
				CLANG_WARN_UNREACHABLE_CODE = YES;
				CLANG_WARN__DUPLICATE_METHOD_MATCH = YES;
				COPY_PHASE_STRIP = NO;
				DEBUG_INFORMATION_FORMAT = dwarf;
				ENABLE_STRICT_OBJC_MSGSEND = YES;
				ENABLE_TESTABILITY = YES;
				GCC_C_LANGUAGE_STANDARD = gnu11;
				GCC_DYNAMIC_NO_PIC = NO;
				GCC_NO_COMMON_BLOCKS = YES;
				GCC_OPTIMIZATION_LEVEL = 0;
				GCC_PREPROCESSOR_DEFINITIONS = (
					"DEBUG=1",
					"$(inherited)",
				);
				GCC_WARN_64_TO_32_BIT_CONVERSION = YES;
				GCC_WARN_ABOUT_RETURN_TYPE = YES_ERROR;
				GCC_WARN_UNDECLARED_SELECTOR = YES;
				GCC_WARN_UNINITIALIZED_AUTOS = YES_AGGRESSIVE;
				GCC_WARN_UNUSED_FUNCTION = YES;
				GCC_WARN_UNUSED_VARIABLE = YES;
				IPHONEOS_DEPLOYMENT_TARGET = 16.1;
				MTL_ENABLE_DEBUG_INFO = INCLUDE_SOURCE;
				MTL_FAST_MATH = YES;
				ONLY_ACTIVE_ARCH = YES;
				SDKROOT = iphoneos;
				SWIFT_ACTIVE_COMPILATION_CONDITIONS = DEBUG;
				SWIFT_OPTIMIZATION_LEVEL = "-Onone";
			};
			name = Debug;
		};
		207E9F60292D7952002C1DB0 /* Release */ = {
			isa = XCBuildConfiguration;
			buildSettings = {
				ALWAYS_SEARCH_USER_PATHS = NO;
				CLANG_ANALYZER_NONNULL = YES;
				CLANG_ANALYZER_NUMBER_OBJECT_CONVERSION = YES_AGGRESSIVE;
				CLANG_CXX_LANGUAGE_STANDARD = "gnu++20";
				CLANG_ENABLE_MODULES = YES;
				CLANG_ENABLE_OBJC_ARC = YES;
				CLANG_ENABLE_OBJC_WEAK = YES;
				CLANG_WARN_BLOCK_CAPTURE_AUTORELEASING = YES;
				CLANG_WARN_BOOL_CONVERSION = YES;
				CLANG_WARN_COMMA = YES;
				CLANG_WARN_CONSTANT_CONVERSION = YES;
				CLANG_WARN_DEPRECATED_OBJC_IMPLEMENTATIONS = YES;
				CLANG_WARN_DIRECT_OBJC_ISA_USAGE = YES_ERROR;
				CLANG_WARN_DOCUMENTATION_COMMENTS = YES;
				CLANG_WARN_EMPTY_BODY = YES;
				CLANG_WARN_ENUM_CONVERSION = YES;
				CLANG_WARN_INFINITE_RECURSION = YES;
				CLANG_WARN_INT_CONVERSION = YES;
				CLANG_WARN_NON_LITERAL_NULL_CONVERSION = YES;
				CLANG_WARN_OBJC_IMPLICIT_RETAIN_SELF = YES;
				CLANG_WARN_OBJC_LITERAL_CONVERSION = YES;
				CLANG_WARN_OBJC_ROOT_CLASS = YES_ERROR;
				CLANG_WARN_QUOTED_INCLUDE_IN_FRAMEWORK_HEADER = YES;
				CLANG_WARN_RANGE_LOOP_ANALYSIS = YES;
				CLANG_WARN_STRICT_PROTOTYPES = YES;
				CLANG_WARN_SUSPICIOUS_MOVE = YES;
				CLANG_WARN_UNGUARDED_AVAILABILITY = YES_AGGRESSIVE;
				CLANG_WARN_UNREACHABLE_CODE = YES;
				CLANG_WARN__DUPLICATE_METHOD_MATCH = YES;
				COPY_PHASE_STRIP = NO;
				DEBUG_INFORMATION_FORMAT = "dwarf-with-dsym";
				ENABLE_NS_ASSERTIONS = NO;
				ENABLE_STRICT_OBJC_MSGSEND = YES;
				GCC_C_LANGUAGE_STANDARD = gnu11;
				GCC_NO_COMMON_BLOCKS = YES;
				GCC_WARN_64_TO_32_BIT_CONVERSION = YES;
				GCC_WARN_ABOUT_RETURN_TYPE = YES_ERROR;
				GCC_WARN_UNDECLARED_SELECTOR = YES;
				GCC_WARN_UNINITIALIZED_AUTOS = YES_AGGRESSIVE;
				GCC_WARN_UNUSED_FUNCTION = YES;
				GCC_WARN_UNUSED_VARIABLE = YES;
				IPHONEOS_DEPLOYMENT_TARGET = 16.1;
				MTL_ENABLE_DEBUG_INFO = NO;
				MTL_FAST_MATH = YES;
				SDKROOT = iphoneos;
				SWIFT_COMPILATION_MODE = wholemodule;
				SWIFT_OPTIMIZATION_LEVEL = "-O";
				VALIDATE_PRODUCT = YES;
			};
			name = Release;
		};
		207E9F62292D7952002C1DB0 /* Debug */ = {
			isa = XCBuildConfiguration;
			buildSettings = {
				ASSETCATALOG_COMPILER_APPICON_NAME = AppIcon;
				ASSETCATALOG_COMPILER_GLOBAL_ACCENT_COLOR_NAME = AccentColor;
				CODE_SIGN_STYLE = Automatic;
				CURRENT_PROJECT_VERSION = 1;
				DEVELOPMENT_ASSET_PATHS = "\"CryptoTracker/Preview Content\"";
				DEVELOPMENT_TEAM = FH4FKU836A;
				ENABLE_PREVIEWS = YES;
				GENERATE_INFOPLIST_FILE = YES;
				INFOPLIST_KEY_CFBundleDisplayName = "Crypto Tracker";
				INFOPLIST_KEY_UIApplicationSceneManifest_Generation = YES;
				INFOPLIST_KEY_UIApplicationSupportsIndirectInputEvents = YES;
				INFOPLIST_KEY_UILaunchScreen_Generation = YES;
				INFOPLIST_KEY_UISupportedInterfaceOrientations = UIInterfaceOrientationPortrait;
				LD_RUNPATH_SEARCH_PATHS = (
					"$(inherited)",
					"@executable_path/Frameworks",
				);
				MARKETING_VERSION = 1.0;
				PRODUCT_BUNDLE_IDENTIFIER = com.alvarenga.fabricio.CryptoTracker;
				PRODUCT_NAME = "$(TARGET_NAME)";
				SWIFT_EMIT_LOC_STRINGS = YES;
				SWIFT_VERSION = 5.0;
				TARGETED_DEVICE_FAMILY = "1,2";
			};
			name = Debug;
		};
		207E9F63292D7952002C1DB0 /* Release */ = {
			isa = XCBuildConfiguration;
			buildSettings = {
				ASSETCATALOG_COMPILER_APPICON_NAME = AppIcon;
				ASSETCATALOG_COMPILER_GLOBAL_ACCENT_COLOR_NAME = AccentColor;
				CODE_SIGN_STYLE = Automatic;
				CURRENT_PROJECT_VERSION = 1;
				DEVELOPMENT_ASSET_PATHS = "\"CryptoTracker/Preview Content\"";
				DEVELOPMENT_TEAM = FH4FKU836A;
				ENABLE_PREVIEWS = YES;
				GENERATE_INFOPLIST_FILE = YES;
				INFOPLIST_KEY_CFBundleDisplayName = "Crypto Tracker";
				INFOPLIST_KEY_UIApplicationSceneManifest_Generation = YES;
				INFOPLIST_KEY_UIApplicationSupportsIndirectInputEvents = YES;
				INFOPLIST_KEY_UILaunchScreen_Generation = YES;
				INFOPLIST_KEY_UISupportedInterfaceOrientations = UIInterfaceOrientationPortrait;
				LD_RUNPATH_SEARCH_PATHS = (
					"$(inherited)",
					"@executable_path/Frameworks",
				);
				MARKETING_VERSION = 1.0;
				PRODUCT_BUNDLE_IDENTIFIER = com.alvarenga.fabricio.CryptoTracker;
				PRODUCT_NAME = "$(TARGET_NAME)";
				SWIFT_EMIT_LOC_STRINGS = YES;
				SWIFT_VERSION = 5.0;
				TARGETED_DEVICE_FAMILY = "1,2";
			};
			name = Release;
		};
/* End XCBuildConfiguration section */

/* Begin XCConfigurationList section */
		207E9F4E292D7952002C1DB0 /* Build configuration list for PBXProject "CryptoTracker" */ = {
			isa = XCConfigurationList;
			buildConfigurations = (
				207E9F5F292D7952002C1DB0 /* Debug */,
				207E9F60292D7952002C1DB0 /* Release */,
			);
			defaultConfigurationIsVisible = 0;
			defaultConfigurationName = Release;
		};
		207E9F61292D7952002C1DB0 /* Build configuration list for PBXNativeTarget "CryptoTracker" */ = {
			isa = XCConfigurationList;
			buildConfigurations = (
				207E9F62292D7952002C1DB0 /* Debug */,
				207E9F63292D7952002C1DB0 /* Release */,
			);
			defaultConfigurationIsVisible = 0;
			defaultConfigurationName = Release;
		};
/* End XCConfigurationList section */

/* Begin XCVersionGroup section */
		202A03432944A0DA00E0F4BA /* PortfolioContainer.xcdatamodeld */ = {
			isa = XCVersionGroup;
			children = (
				202A03442944A0DA00E0F4BA /* PortfolioContainer.xcdatamodel */,
			);
			currentVersion = 202A03442944A0DA00E0F4BA /* PortfolioContainer.xcdatamodel */;
			path = PortfolioContainer.xcdatamodeld;
			sourceTree = "<group>";
			versionGroupType = wrapper.xcdatamodel;
		};
/* End XCVersionGroup section */
	};
	rootObject = 207E9F4B292D7952002C1DB0 /* Project object */;
}
